
Microsoft Visual Studio Solution File, Format Version 12.00
# Visual Studio Version 16
VisualStudioVersion = 16.0.30804.86
MinimumVisualStudioVersion = 10.0.40219.1
Project("{FAE04EC0-301F-11D3-BF4B-00C04F79EFBC}") = "raziskovalna2.Android", "raziskovalna2\raziskovalna2.Android\raziskovalna2.Android.csproj", "{F55B1C2B-0276-4086-9FE8-968A6637731D}"
EndProject
Project("{FAE04EC0-301F-11D3-BF4B-00C04F79EFBC}") = "raziskovalna2", "raziskovalna2\raziskovalna2\raziskovalna2.csproj", "{8B721515-224E-459B-A1D9-A460D5F39364}"
EndProject
Global
	GlobalSection(SolutionConfigurationPlatforms) = preSolution
		Debug|Any CPU = Debug|Any CPU
		Release|Any CPU = Release|Any CPU
	EndGlobalSection
	GlobalSection(ProjectConfigurationPlatforms) = postSolution
		{F55B1C2B-0276-4086-9FE8-968A6637731D}.Debug|Any CPU.ActiveCfg = Debug|Any CPU
		{F55B1C2B-0276-4086-9FE8-968A6637731D}.Debug|Any CPU.Build.0 = Debug|Any CPU
		{F55B1C2B-0276-4086-9FE8-968A6637731D}.Debug|Any CPU.Deploy.0 = Debug|Any CPU
		{F55B1C2B-0276-4086-9FE8-968A6637731D}.Release|Any CPU.ActiveCfg = Release|Any CPU
		{F55B1C2B-0276-4086-9FE8-968A6637731D}.Release|Any CPU.Build.0 = Release|Any CPU
		{F55B1C2B-0276-4086-9FE8-968A6637731D}.Release|Any CPU.Deploy.0 = Release|Any CPU
		{8B721515-224E-459B-A1D9-A460D5F39364}.Debug|Any CPU.ActiveCfg = Debug|Any CPU
		{8B721515-224E-459B-A1D9-A460D5F39364}.Debug|Any CPU.Build.0 = Debug|Any CPU
		{8B721515-224E-459B-A1D9-A460D5F39364}.Debug|Any CPU.Deploy.0 = Debug|Any CPU
		{8B721515-224E-459B-A1D9-A460D5F39364}.Release|Any CPU.ActiveCfg = Release|Any CPU
		{8B721515-224E-459B-A1D9-A460D5F39364}.Release|Any CPU.Build.0 = Release|Any CPU
		{8B721515-224E-459B-A1D9-A460D5F39364}.Release|Any CPU.Deploy.0 = Release|Any CPU
	EndGlobalSection
	GlobalSection(SolutionProperties) = preSolution
		HideSolutionNode = FALSE
	EndGlobalSection
	GlobalSection(ExtensibilityGlobals) = postSolution
		SolutionGuid = {829DA595-ECBC-46D9-8E1E-4FD5D9B6B25D}
	EndGlobalSection
EndGlobal
